
Microsoft Visual Studio Solution File, Format Version 12.00
# Visual Studio 15
VisualStudioVersion = 15.0.28307.438
MinimumVisualStudioVersion = 10.0.40219.1
Project("{FAE04EC0-301F-11D3-BF4B-00C04F79EFBC}") = "FileLogger", "FileLogger\FileLogger.csproj", "{578D59DD-21B7-4274-A80E-63E5FB851F8B}"
EndProject
Global
	GlobalSection(SolutionConfigurationPlatforms) = preSolution
		Debug|Any CPU = Debug|Any CPU
		Release|Any CPU = Release|Any CPU
	EndGlobalSection
	GlobalSection(ProjectConfigurationPlatforms) = postSolution
		{578D59DD-21B7-4274-A80E-63E5FB851F8B}.Debug|Any CPU.ActiveCfg = Debug|Any CPU
		{578D59DD-21B7-4274-A80E-63E5FB851F8B}.Debug|Any CPU.Build.0 = Debug|Any CPU
		{578D59DD-21B7-4274-A80E-63E5FB851F8B}.Release|Any CPU.ActiveCfg = Release|Any CPU
		{578D59DD-21B7-4274-A80E-63E5FB851F8B}.Release|Any CPU.Build.0 = Release|Any CPU
	EndGlobalSection
	GlobalSection(SolutionProperties) = preSolution
		HideSolutionNode = FALSE
	EndGlobalSection
	GlobalSection(ExtensibilityGlobals) = postSolution
		SolutionGuid = {22610CA3-CCEF-4CBD-895E-5B70A0F5F2F9}
	EndGlobalSection
EndGlobal
